// !$*UTF8*$!
{
	archiveVersion = 1;
	classes = {
	};
	objectVersion = 55;
	objects = {

/* Begin PBXBuildFile section */
		B6017FB427CAF07F00BF6CC0 /* WordleApp.swift in Sources */ = {isa = PBXBuildFile; fileRef = B6017FA427CAF07D00BF6CC0 /* WordleApp.swift */; };
		B6017FB527CAF07F00BF6CC0 /* WordleApp.swift in Sources */ = {isa = PBXBuildFile; fileRef = B6017FA427CAF07D00BF6CC0 /* WordleApp.swift */; };
		B6017FB627CAF07F00BF6CC0 /* ContentView.swift in Sources */ = {isa = PBXBuildFile; fileRef = B6017FA527CAF07D00BF6CC0 /* ContentView.swift */; };
		B6017FB727CAF07F00BF6CC0 /* ContentView.swift in Sources */ = {isa = PBXBuildFile; fileRef = B6017FA527CAF07D00BF6CC0 /* ContentView.swift */; };
		B6017FB827CAF07F00BF6CC0 /* Assets.xcassets in Resources */ = {isa = PBXBuildFile; fileRef = B6017FA627CAF07F00BF6CC0 /* Assets.xcassets */; };
		B6017FB927CAF07F00BF6CC0 /* Assets.xcassets in Resources */ = {isa = PBXBuildFile; fileRef = B6017FA627CAF07F00BF6CC0 /* Assets.xcassets */; };
		B6165DB727CB2AE9000D2025 /* Words.swift in Sources */ = {isa = PBXBuildFile; fileRef = B6165DB627CB2AE9000D2025 /* Words.swift */; };
		B6165DB827CB2AE9000D2025 /* Words.swift in Sources */ = {isa = PBXBuildFile; fileRef = B6165DB627CB2AE9000D2025 /* Words.swift */; };
		B6165DBA27CB2B62000D2025 /* AppData.swift in Sources */ = {isa = PBXBuildFile; fileRef = B6165DB927CB2B62000D2025 /* AppData.swift */; };
		B6165DBB27CB2B62000D2025 /* AppData.swift in Sources */ = {isa = PBXBuildFile; fileRef = B6165DB927CB2B62000D2025 /* AppData.swift */; };
		B651BEC627CEDE2000C46A6F /* Extentions.swift in Sources */ = {isa = PBXBuildFile; fileRef = B651BEC527CEDE2000C46A6F /* Extentions.swift */; };
		B651BEC727CEDE2000C46A6F /* Extentions.swift in Sources */ = {isa = PBXBuildFile; fileRef = B651BEC527CEDE2000C46A6F /* Extentions.swift */; };
		B651BEC927CEDE9C00C46A6F /* TextLimiter.swift in Sources */ = {isa = PBXBuildFile; fileRef = B651BEC827CEDE9C00C46A6F /* TextLimiter.swift */; };
		B651BECA27CEDE9C00C46A6F /* TextLimiter.swift in Sources */ = {isa = PBXBuildFile; fileRef = B651BEC827CEDE9C00C46A6F /* TextLimiter.swift */; };
/* End PBXBuildFile section */

/* Begin PBXFileReference section */
		B6017FA427CAF07D00BF6CC0 /* WordleApp.swift */ = {isa = PBXFileReference; lastKnownFileType = sourcecode.swift; path = WordleApp.swift; sourceTree = "<group>"; };
		B6017FA527CAF07D00BF6CC0 /* ContentView.swift */ = {isa = PBXFileReference; lastKnownFileType = sourcecode.swift; path = ContentView.swift; sourceTree = "<group>"; };
		B6017FA627CAF07F00BF6CC0 /* Assets.xcassets */ = {isa = PBXFileReference; lastKnownFileType = folder.assetcatalog; path = Assets.xcassets; sourceTree = "<group>"; };
		B6017FAB27CAF07F00BF6CC0 /* Wordle.app */ = {isa = PBXFileReference; explicitFileType = wrapper.application; includeInIndex = 0; path = Wordle.app; sourceTree = BUILT_PRODUCTS_DIR; };
		B6017FB127CAF07F00BF6CC0 /* Wordle.app */ = {isa = PBXFileReference; explicitFileType = wrapper.application; includeInIndex = 0; path = Wordle.app; sourceTree = BUILT_PRODUCTS_DIR; };
		B6017FB327CAF07F00BF6CC0 /* macOS.entitlements */ = {isa = PBXFileReference; lastKnownFileType = text.plist.entitlements; path = macOS.entitlements; sourceTree = "<group>"; };
		B6165DB627CB2AE9000D2025 /* Words.swift */ = {isa = PBXFileReference; lastKnownFileType = sourcecode.swift; path = Words.swift; sourceTree = "<group>"; };
		B6165DB927CB2B62000D2025 /* AppData.swift */ = {isa = PBXFileReference; lastKnownFileType = sourcecode.swift; path = AppData.swift; sourceTree = "<group>"; };
		B651BEC527CEDE2000C46A6F /* Extentions.swift */ = {isa = PBXFileReference; lastKnownFileType = sourcecode.swift; path = Extentions.swift; sourceTree = "<group>"; };
		B651BEC827CEDE9C00C46A6F /* TextLimiter.swift */ = {isa = PBXFileReference; lastKnownFileType = sourcecode.swift; path = TextLimiter.swift; sourceTree = "<group>"; };
/* End PBXFileReference section */

/* Begin PBXFrameworksBuildPhase section */
		B6017FA827CAF07F00BF6CC0 /* Frameworks */ = {
			isa = PBXFrameworksBuildPhase;
			buildActionMask = 2147483647;
			files = (
			);
			runOnlyForDeploymentPostprocessing = 0;
		};
		B6017FAE27CAF07F00BF6CC0 /* Frameworks */ = {
			isa = PBXFrameworksBuildPhase;
			buildActionMask = 2147483647;
			files = (
			);
			runOnlyForDeploymentPostprocessing = 0;
		};
/* End PBXFrameworksBuildPhase section */

/* Begin PBXGroup section */
		B6017F9E27CAF07C00BF6CC0 = {
			isa = PBXGroup;
			children = (
				B6017FA327CAF07D00BF6CC0 /* Shared */,
				B6017FB227CAF07F00BF6CC0 /* macOS */,
				B6017FAC27CAF07F00BF6CC0 /* Products */,
			);
			sourceTree = "<group>";
		};
		B6017FA327CAF07D00BF6CC0 /* Shared */ = {
			isa = PBXGroup;
			children = (
				B6017FA427CAF07D00BF6CC0 /* WordleApp.swift */,
				B6165DC227CB2F4A000D2025 /* Views */,
				B6017FC527CAF2B600BF6CC0 /* Data */,
				B6017FA627CAF07F00BF6CC0 /* Assets.xcassets */,
			);
			path = Shared;
			sourceTree = "<group>";
		};
		B6017FAC27CAF07F00BF6CC0 /* Products */ = {
			isa = PBXGroup;
			children = (
				B6017FAB27CAF07F00BF6CC0 /* Wordle.app */,
				B6017FB127CAF07F00BF6CC0 /* Wordle.app */,
			);
			name = Products;
			sourceTree = "<group>";
		};
		B6017FB227CAF07F00BF6CC0 /* macOS */ = {
			isa = PBXGroup;
			children = (
				B6017FB327CAF07F00BF6CC0 /* macOS.entitlements */,
			);
			path = macOS;
			sourceTree = "<group>";
		};
		B6017FC527CAF2B600BF6CC0 /* Data */ = {
			isa = PBXGroup;
			children = (
				B6165DB927CB2B62000D2025 /* AppData.swift */,
				B651BEC527CEDE2000C46A6F /* Extentions.swift */,
				B651BEC827CEDE9C00C46A6F /* TextLimiter.swift */,
				B6165DB627CB2AE9000D2025 /* Words.swift */,
			);
			path = Data;
			sourceTree = "<group>";
		};
		B6165DC227CB2F4A000D2025 /* Views */ = {
			isa = PBXGroup;
			children = (
				B6017FA527CAF07D00BF6CC0 /* ContentView.swift */,
			);
			path = Views;
			sourceTree = "<group>";
		};
/* End PBXGroup section */

/* Begin PBXNativeTarget section */
		B6017FAA27CAF07F00BF6CC0 /* Wordle (iOS) */ = {
			isa = PBXNativeTarget;
			buildConfigurationList = B6017FBC27CAF07F00BF6CC0 /* Build configuration list for PBXNativeTarget "Wordle (iOS)" */;
			buildPhases = (
				B6017FA727CAF07F00BF6CC0 /* Sources */,
				B6017FA827CAF07F00BF6CC0 /* Frameworks */,
				B6017FA927CAF07F00BF6CC0 /* Resources */,
			);
			buildRules = (
			);
			dependencies = (
			);
			name = "Wordle (iOS)";
			productName = "Wordle (iOS)";
			productReference = B6017FAB27CAF07F00BF6CC0 /* Wordle.app */;
			productType = "com.apple.product-type.application";
		};
		B6017FB027CAF07F00BF6CC0 /* Wordle (macOS) */ = {
			isa = PBXNativeTarget;
			buildConfigurationList = B6017FBF27CAF07F00BF6CC0 /* Build configuration list for PBXNativeTarget "Wordle (macOS)" */;
			buildPhases = (
				B6017FAD27CAF07F00BF6CC0 /* Sources */,
				B6017FAE27CAF07F00BF6CC0 /* Frameworks */,
				B6017FAF27CAF07F00BF6CC0 /* Resources */,
			);
			buildRules = (
			);
			dependencies = (
			);
			name = "Wordle (macOS)";
			productName = "Wordle (macOS)";
			productReference = B6017FB127CAF07F00BF6CC0 /* Wordle.app */;
			productType = "com.apple.product-type.application";
		};
/* End PBXNativeTarget section */

/* Begin PBXProject section */
		B6017F9F27CAF07C00BF6CC0 /* Project object */ = {
			isa = PBXProject;
			attributes = {
				BuildIndependentTargetsInParallel = 1;
				LastSwiftUpdateCheck = 1320;
				LastUpgradeCheck = 1320;
				TargetAttributes = {
					B6017FAA27CAF07F00BF6CC0 = {
						CreatedOnToolsVersion = 13.2.1;
					};
					B6017FB027CAF07F00BF6CC0 = {
						CreatedOnToolsVersion = 13.2.1;
					};
				};
			};
			buildConfigurationList = B6017FA227CAF07C00BF6CC0 /* Build configuration list for PBXProject "Wordle" */;
			compatibilityVersion = "Xcode 13.0";
			developmentRegion = en;
			hasScannedForEncodings = 0;
			knownRegions = (
				en,
				Base,
			);
			mainGroup = B6017F9E27CAF07C00BF6CC0;
			productRefGroup = B6017FAC27CAF07F00BF6CC0 /* Products */;
			projectDirPath = "";
			projectRoot = "";
			targets = (
				B6017FAA27CAF07F00BF6CC0 /* Wordle (iOS) */,
				B6017FB027CAF07F00BF6CC0 /* Wordle (macOS) */,
			);
		};
/* End PBXProject section */

/* Begin PBXResourcesBuildPhase section */
		B6017FA927CAF07F00BF6CC0 /* Resources */ = {
			isa = PBXResourcesBuildPhase;
			buildActionMask = 2147483647;
			files = (
				B6017FB827CAF07F00BF6CC0 /* Assets.xcassets in Resources */,
			);
			runOnlyForDeploymentPostprocessing = 0;
		};
		B6017FAF27CAF07F00BF6CC0 /* Resources */ = {
			isa = PBXResourcesBuildPhase;
			buildActionMask = 2147483647;
			files = (
				B6017FB927CAF07F00BF6CC0 /* Assets.xcassets in Resources */,
			);
			runOnlyForDeploymentPostprocessing = 0;
		};
/* End PBXResourcesBuildPhase section */

/* Begin PBXSourcesBuildPhase section */
		B6017FA727CAF07F00BF6CC0 /* Sources */ = {
			isa = PBXSourcesBuildPhase;
			buildActionMask = 2147483647;
			files = (
				B6165DB727CB2AE9000D2025 /* Words.swift in Sources */,
				B651BEC927CEDE9C00C46A6F /* TextLimiter.swift in Sources */,
				B6017FB627CAF07F00BF6CC0 /* ContentView.swift in Sources */,
				B651BEC627CEDE2000C46A6F /* Extentions.swift in Sources */,
				B6017FB427CAF07F00BF6CC0 /* WordleApp.swift in Sources */,
				B6165DBA27CB2B62000D2025 /* AppData.swift in Sources */,
			);
			runOnlyForDeploymentPostprocessing = 0;
		};
		B6017FAD27CAF07F00BF6CC0 /* Sources */ = {
			isa = PBXSourcesBuildPhase;
			buildActionMask = 2147483647;
			files = (
				B6165DB827CB2AE9000D2025 /* Words.swift in Sources */,
				B651BECA27CEDE9C00C46A6F /* TextLimiter.swift in Sources */,
				B6017FB727CAF07F00BF6CC0 /* ContentView.swift in Sources */,
				B651BEC727CEDE2000C46A6F /* Extentions.swift in Sources */,
				B6017FB527CAF07F00BF6CC0 /* WordleApp.swift in Sources */,
				B6165DBB27CB2B62000D2025 /* AppData.swift in Sources */,
			);
			runOnlyForDeploymentPostprocessing = 0;
		};
/* End PBXSourcesBuildPhase section */

/* Begin XCBuildConfiguration section */
		B6017FBA27CAF07F00BF6CC0 /* Debug */ = {
			isa = XCBuildConfiguration;
			buildSettings = {
				ALWAYS_SEARCH_USER_PATHS = NO;
				CLANG_ANALYZER_NONNULL = YES;
				CLANG_ANALYZER_NUMBER_OBJECT_CONVERSION = YES_AGGRESSIVE;
				CLANG_CXX_LANGUAGE_STANDARD = "gnu++17";
				CLANG_CXX_LIBRARY = "libc++";
				CLANG_ENABLE_MODULES = YES;
				CLANG_ENABLE_OBJC_ARC = YES;
				CLANG_ENABLE_OBJC_WEAK = YES;
				CLANG_WARN_BLOCK_CAPTURE_AUTORELEASING = YES;
				CLANG_WARN_BOOL_CONVERSION = YES;
				CLANG_WARN_COMMA = YES;
				CLANG_WARN_CONSTANT_CONVERSION = YES;
				CLANG_WARN_DEPRECATED_OBJC_IMPLEMENTATIONS = YES;
				CLANG_WARN_DIRECT_OBJC_ISA_USAGE = YES_ERROR;
				CLANG_WARN_DOCUMENTATION_COMMENTS = YES;
				CLANG_WARN_EMPTY_BODY = YES;
				CLANG_WARN_ENUM_CONVERSION = YES;
				CLANG_WARN_INFINITE_RECURSION = YES;
				CLANG_WARN_INT_CONVERSION = YES;
				CLANG_WARN_NON_LITERAL_NULL_CONVERSION = YES;
				CLANG_WARN_OBJC_IMPLICIT_RETAIN_SELF = YES;
				CLANG_WARN_OBJC_LITERAL_CONVERSION = YES;
				CLANG_WARN_OBJC_ROOT_CLASS = YES_ERROR;
				CLANG_WARN_QUOTED_INCLUDE_IN_FRAMEWORK_HEADER = YES;
				CLANG_WARN_RANGE_LOOP_ANALYSIS = YES;
				CLANG_WARN_STRICT_PROTOTYPES = YES;
				CLANG_WARN_SUSPICIOUS_MOVE = YES;
				CLANG_WARN_UNGUARDED_AVAILABILITY = YES_AGGRESSIVE;
				CLANG_WARN_UNREACHABLE_CODE = YES;
				CLANG_WARN__DUPLICATE_METHOD_MATCH = YES;
				COPY_PHASE_STRIP = NO;
				DEBUG_INFORMATION_FORMAT = dwarf;
				ENABLE_STRICT_OBJC_MSGSEND = YES;
				ENABLE_TESTABILITY = YES;
				GCC_C_LANGUAGE_STANDARD = gnu11;
				GCC_DYNAMIC_NO_PIC = NO;
				GCC_NO_COMMON_BLOCKS = YES;
				GCC_OPTIMIZATION_LEVEL = 0;
				GCC_PREPROCESSOR_DEFINITIONS = (
					"DEBUG=1",
					"$(inherited)",
				);
				GCC_WARN_64_TO_32_BIT_CONVERSION = YES;
				GCC_WARN_ABOUT_RETURN_TYPE = YES_ERROR;
				GCC_WARN_UNDECLARED_SELECTOR = YES;
				GCC_WARN_UNINITIALIZED_AUTOS = YES_AGGRESSIVE;
				GCC_WARN_UNUSED_FUNCTION = YES;
				GCC_WARN_UNUSED_VARIABLE = YES;
				MTL_ENABLE_DEBUG_INFO = INCLUDE_SOURCE;
				MTL_FAST_MATH = YES;
				ONLY_ACTIVE_ARCH = YES;
				SWIFT_ACTIVE_COMPILATION_CONDITIONS = DEBUG;
				SWIFT_OPTIMIZATION_LEVEL = "-Onone";
			};
			name = Debug;
		};
		B6017FBB27CAF07F00BF6CC0 /* Release */ = {
			isa = XCBuildConfiguration;
			buildSettings = {
				ALWAYS_SEARCH_USER_PATHS = NO;
				CLANG_ANALYZER_NONNULL = YES;
				CLANG_ANALYZER_NUMBER_OBJECT_CONVERSION = YES_AGGRESSIVE;
				CLANG_CXX_LANGUAGE_STANDARD = "gnu++17";
				CLANG_CXX_LIBRARY = "libc++";
				CLANG_ENABLE_MODULES = YES;
				CLANG_ENABLE_OBJC_ARC = YES;
				CLANG_ENABLE_OBJC_WEAK = YES;
				CLANG_WARN_BLOCK_CAPTURE_AUTORELEASING = YES;
				CLANG_WARN_BOOL_CONVERSION = YES;
				CLANG_WARN_COMMA = YES;
				CLANG_WARN_CONSTANT_CONVERSION = YES;
				CLANG_WARN_DEPRECATED_OBJC_IMPLEMENTATIONS = YES;
				CLANG_WARN_DIRECT_OBJC_ISA_USAGE = YES_ERROR;
				CLANG_WARN_DOCUMENTATION_COMMENTS = YES;
				CLANG_WARN_EMPTY_BODY = YES;
				CLANG_WARN_ENUM_CONVERSION = YES;
				CLANG_WARN_INFINITE_RECURSION = YES;
				CLANG_WARN_INT_CONVERSION = YES;
				CLANG_WARN_NON_LITERAL_NULL_CONVERSION = YES;
				CLANG_WARN_OBJC_IMPLICIT_RETAIN_SELF = YES;
				CLANG_WARN_OBJC_LITERAL_CONVERSION = YES;
				CLANG_WARN_OBJC_ROOT_CLASS = YES_ERROR;
				CLANG_WARN_QUOTED_INCLUDE_IN_FRAMEWORK_HEADER = YES;
				CLANG_WARN_RANGE_LOOP_ANALYSIS = YES;
				CLANG_WARN_STRICT_PROTOTYPES = YES;
				CLANG_WARN_SUSPICIOUS_MOVE = YES;
				CLANG_WARN_UNGUARDED_AVAILABILITY = YES_AGGRESSIVE;
				CLANG_WARN_UNREACHABLE_CODE = YES;
				CLANG_WARN__DUPLICATE_METHOD_MATCH = YES;
				COPY_PHASE_STRIP = NO;
				DEBUG_INFORMATION_FORMAT = "dwarf-with-dsym";
				ENABLE_NS_ASSERTIONS = NO;
				ENABLE_STRICT_OBJC_MSGSEND = YES;
				GCC_C_LANGUAGE_STANDARD = gnu11;
				GCC_NO_COMMON_BLOCKS = YES;
				GCC_WARN_64_TO_32_BIT_CONVERSION = YES;
				GCC_WARN_ABOUT_RETURN_TYPE = YES_ERROR;
				GCC_WARN_UNDECLARED_SELECTOR = YES;
				GCC_WARN_UNINITIALIZED_AUTOS = YES_AGGRESSIVE;
				GCC_WARN_UNUSED_FUNCTION = YES;
				GCC_WARN_UNUSED_VARIABLE = YES;
				MTL_ENABLE_DEBUG_INFO = NO;
				MTL_FAST_MATH = YES;
				SWIFT_COMPILATION_MODE = wholemodule;
				SWIFT_OPTIMIZATION_LEVEL = "-O";
			};
			name = Release;
		};
		B6017FBD27CAF07F00BF6CC0 /* Debug */ = {
			isa = XCBuildConfiguration;
			buildSettings = {
				ASSETCATALOG_COMPILER_APPICON_NAME = AppIcon;
				ASSETCATALOG_COMPILER_GLOBAL_ACCENT_COLOR_NAME = AccentColor;
				CODE_SIGN_STYLE = Automatic;
				CURRENT_PROJECT_VERSION = 1;
				DEVELOPMENT_TEAM = 8FW6S5Z4LA;
				ENABLE_PREVIEWS = YES;
				GENERATE_INFOPLIST_FILE = YES;
				INFOPLIST_KEY_UIApplicationSceneManifest_Generation = YES;
				INFOPLIST_KEY_UIApplicationSupportsIndirectInputEvents = YES;
				INFOPLIST_KEY_UILaunchScreen_Generation = YES;
				INFOPLIST_KEY_UISupportedInterfaceOrientations_iPad = "UIInterfaceOrientationPortrait UIInterfaceOrientationPortraitUpsideDown UIInterfaceOrientationLandscapeLeft UIInterfaceOrientationLandscapeRight";
				INFOPLIST_KEY_UISupportedInterfaceOrientations_iPhone = "UIInterfaceOrientationPortrait UIInterfaceOrientationLandscapeLeft UIInterfaceOrientationLandscapeRight";
				IPHONEOS_DEPLOYMENT_TARGET = 15.0;
				LD_RUNPATH_SEARCH_PATHS = (
					"$(inherited)",
					"@executable_path/Frameworks",
				);
				MARKETING_VERSION = 1.0;
				PRODUCT_BUNDLE_IDENTIFIER = org.alessian.Wordle;
				PRODUCT_NAME = Wordle;
				SDKROOT = iphoneos;
				SWIFT_EMIT_LOC_STRINGS = YES;
				SWIFT_VERSION = 5.0;
				TARGETED_DEVICE_FAMILY = "1,2";
			};
			name = Debug;
		};
		B6017FBE27CAF07F00BF6CC0 /* Release */ = {
			isa = XCBuildConfiguration;
			buildSettings = {
				ASSETCATALOG_COMPILER_APPICON_NAME = AppIcon;
				ASSETCATALOG_COMPILER_GLOBAL_ACCENT_COLOR_NAME = AccentColor;
				CODE_SIGN_STYLE = Automatic;
				CURRENT_PROJECT_VERSION = 1;
				DEVELOPMENT_TEAM = 8FW6S5Z4LA;
				ENABLE_PREVIEWS = YES;
				GENERATE_INFOPLIST_FILE = YES;
				INFOPLIST_KEY_UIApplicationSceneManifest_Generation = YES;
				INFOPLIST_KEY_UIApplicationSupportsIndirectInputEvents = YES;
				INFOPLIST_KEY_UILaunchScreen_Generation = YES;
				INFOPLIST_KEY_UISupportedInterfaceOrientations_iPad = "UIInterfaceOrientationPortrait UIInterfaceOrientationPortraitUpsideDown UIInterfaceOrientationLandscapeLeft UIInterfaceOrientationLandscapeRight";
				INFOPLIST_KEY_UISupportedInterfaceOrientations_iPhone = "UIInterfaceOrientationPortrait UIInterfaceOrientationLandscapeLeft UIInterfaceOrientationLandscapeRight";
				IPHONEOS_DEPLOYMENT_TARGET = 15.0;
				LD_RUNPATH_SEARCH_PATHS = (
					"$(inherited)",
					"@executable_path/Frameworks",
				);
				MARKETING_VERSION = 1.0;
				PRODUCT_BUNDLE_IDENTIFIER = org.alessian.Wordle;
				PRODUCT_NAME = Wordle;
				SDKROOT = iphoneos;
				SWIFT_EMIT_LOC_STRINGS = YES;
				SWIFT_VERSION = 5.0;
				TARGETED_DEVICE_FAMILY = "1,2";
				VALIDATE_PRODUCT = YES;
			};
			name = Release;
		};
		B6017FC027CAF07F00BF6CC0 /* Debug */ = {
			isa = XCBuildConfiguration;
			buildSettings = {
				ASSETCATALOG_COMPILER_APPICON_NAME = AppIcon;
				ASSETCATALOG_COMPILER_GLOBAL_ACCENT_COLOR_NAME = AccentColor;
				CODE_SIGN_ENTITLEMENTS = macOS/macOS.entitlements;
				CODE_SIGN_STYLE = Automatic;
				COMBINE_HIDPI_IMAGES = YES;
				CURRENT_PROJECT_VERSION = 1;
				DEVELOPMENT_TEAM = 8FW6S5Z4LA;
				ENABLE_HARDENED_RUNTIME = YES;
				ENABLE_PREVIEWS = YES;
				GENERATE_INFOPLIST_FILE = YES;
				INFOPLIST_KEY_NSHumanReadableCopyright = "";
				LD_RUNPATH_SEARCH_PATHS = (
					"$(inherited)",
					"@executable_path/../Frameworks",
				);
				MACOSX_DEPLOYMENT_TARGET = 12.1;
				MARKETING_VERSION = 1.0;
				PRODUCT_BUNDLE_IDENTIFIER = org.alessian.Wordle;
				PRODUCT_NAME = Wordle;
				SDKROOT = macosx;
				SWIFT_EMIT_LOC_STRINGS = YES;
				SWIFT_VERSION = 5.0;
			};
			name = Debug;
		};
		B6017FC127CAF07F00BF6CC0 /* Release */ = {
			isa = XCBuildConfiguration;
			buildSettings = {
				ASSETCATALOG_COMPILER_APPICON_NAME = AppIcon;
				ASSETCATALOG_COMPILER_GLOBAL_ACCENT_COLOR_NAME = AccentColor;
				CODE_SIGN_ENTITLEMENTS = macOS/macOS.entitlements;
				CODE_SIGN_STYLE = Automatic;
				COMBINE_HIDPI_IMAGES = YES;
				CURRENT_PROJECT_VERSION = 1;
				DEVELOPMENT_TEAM = 8FW6S5Z4LA;
				ENABLE_HARDENED_RUNTIME = YES;
				ENABLE_PREVIEWS = YES;
				GENERATE_INFOPLIST_FILE = YES;
				INFOPLIST_KEY_NSHumanReadableCopyright = "";
				LD_RUNPATH_SEARCH_PATHS = (
					"$(inherited)",
					"@executable_path/../Frameworks",
				);
				MACOSX_DEPLOYMENT_TARGET = 12.1;
				MARKETING_VERSION = 1.0;
				PRODUCT_BUNDLE_IDENTIFIER = org.alessian.Wordle;
				PRODUCT_NAME = Wordle;
				SDKROOT = macosx;
				SWIFT_EMIT_LOC_STRINGS = YES;
				SWIFT_VERSION = 5.0;
			};
			name = Release;
		};
/* End XCBuildConfiguration section */

/* Begin XCConfigurationList section */
		B6017FA227CAF07C00BF6CC0 /* Build configuration list for PBXProject "Wordle" */ = {
			isa = XCConfigurationList;
			buildConfigurations = (
				B6017FBA27CAF07F00BF6CC0 /* Debug */,
				B6017FBB27CAF07F00BF6CC0 /* Release */,
			);
			defaultConfigurationIsVisible = 0;
			defaultConfigurationName = Release;
		};
		B6017FBC27CAF07F00BF6CC0 /* Build configuration list for PBXNativeTarget "Wordle (iOS)" */ = {
			isa = XCConfigurationList;
			buildConfigurations = (
				B6017FBD27CAF07F00BF6CC0 /* Debug */,
				B6017FBE27CAF07F00BF6CC0 /* Release */,
			);
			defaultConfigurationIsVisible = 0;
			defaultConfigurationName = Release;
		};
		B6017FBF27CAF07F00BF6CC0 /* Build configuration list for PBXNativeTarget "Wordle (macOS)" */ = {
			isa = XCConfigurationList;
			buildConfigurations = (
				B6017FC027CAF07F00BF6CC0 /* Debug */,
				B6017FC127CAF07F00BF6CC0 /* Release */,
			);
			defaultConfigurationIsVisible = 0;
			defaultConfigurationName = Release;
		};
/* End XCConfigurationList section */
	};
	rootObject = B6017F9F27CAF07C00BF6CC0 /* Project object */;
}
